<Solution>
  <Project Path="src/CromulentBisgetti.ContainerPacking/CromulentBisgetti.ContainerPacking.csproj" />
  <Project Path="src/CromulentBisgetti.ContainerPackingTests/CromulentBisgetti.ContainerPackingTests.csproj" />
  <Project Path="src/CromulentBisgetti.DemoApp/CromulentBisgetti.DemoApp.csproj" />
</Solution>
